
Microsoft Visual Studio Solution File, Format Version 12.00
# Visual Studio Version 17
VisualStudioVersion = 17.1.32319.34
MinimumVisualStudioVersion = 10.0.40219.1
Project("{FAE04EC0-301F-11D3-BF4B-00C04F79EFBC}") = "HRManagementSystem", "HRManagementSystem\HRManagementSystem.csproj", "{E8D173A7-6FC3-4C74-BDF3-D76FC6A83D5C}"
EndProject
Project("{2150E333-8FDC-42A3-9474-1A3956D46DE8}") = "Solution Items", "Solution Items", "{59F25067-46B5-438D-AD0B-ED35F35DCBEA}"
	ProjectSection(SolutionItems) = preProject
		.editorconfig = .editorconfig
	EndProjectSection
EndProject
Global
	GlobalSection(SolutionConfigurationPlatforms) = preSolution
		Debug|Any CPU = Debug|Any CPU
		Release|Any CPU = Release|Any CPU
	EndGlobalSection
	GlobalSection(ProjectConfigurationPlatforms) = postSolution
		{E8D173A7-6FC3-4C74-BDF3-D76FC6A83D5C}.Debug|Any CPU.ActiveCfg = Debug|Any CPU
		{E8D173A7-6FC3-4C74-BDF3-D76FC6A83D5C}.Debug|Any CPU.Build.0 = Debug|Any CPU
		{E8D173A7-6FC3-4C74-BDF3-D76FC6A83D5C}.Release|Any CPU.ActiveCfg = Release|Any CPU
		{E8D173A7-6FC3-4C74-BDF3-D76FC6A83D5C}.Release|Any CPU.Build.0 = Release|Any CPU
	EndGlobalSection
	GlobalSection(SolutionProperties) = preSolution
		HideSolutionNode = FALSE
	EndGlobalSection
	GlobalSection(ExtensibilityGlobals) = postSolution
		SolutionGuid = {E9F1C4EF-4C6B-4980-B7EA-979EF2FD190E}
	EndGlobalSection
EndGlobal
